<?xml version="1.0" encoding="utf-8"?>
<Project ToolsVersion="4.0" xmlns="http://schemas.microsoft.com/developer/msbuild/2003">
  <ItemGroup>
    <Filter Include="Source Files">
      <UniqueIdentifier>{4FC737F1-C7A5-4376-A066-2A32D752A2FF}</UniqueIdentifier>
      <Extensions>cpp;c;cc;cxx;c++;cppm;ixx;def;odl;idl;hpj;bat;asm;asmx</Extensions>
    </Filter>
    <Filter Include="Header Files">
      <UniqueIdentifier>{93995380-89BD-4b04-88EB-625FBE52EBFB}</UniqueIdentifier>
      <Extensions>h;hh;hpp;hxx;h++;hm;inl;inc;ipp;xsd</Extensions>
    </Filter>
    <Filter Include="Resource Files">
      <UniqueIdentifier>{67DA6AB6-F800-4c08-8B7A-83BB121AAD01}</UniqueIdentifier>
      <Extensions>rc;ico;cur;bmp;dlg;rc2;rct;bin;rgs;gif;jpg;jpeg;jpe;resx;tiff;tif;png;wav;mfcribbon-ms</Extensions>
    </Filter>
    <Filter Include="Resource Files\shaders">
      <UniqueIdentifier>{a7523635-993a-4144-a937-4c0e87ab04bd}</UniqueIdentifier>
    </Filter>
    <Filter Include="Resource Files\fonts">
      <UniqueIdentifier>{81685d3b-2047-4ff6-a05a-49047742c194}</UniqueIdentifier>
    </Filter>
    <Filter Include="Source Files\entity">
      <UniqueIdentifier>{fe8b0fb6-238a-432c-adc2-438b91a79879}</UniqueIdentifier>
    </Filter>
    <Filter Include="Source Files\items">
      <UniqueIdentifier>{3edc4fbc-fc2a-482e-9355-2612d91bc03d}</UniqueIdentifier>
    </Filter>
    <Filter Include="Source Files\Data">
      <UniqueIdentifier>{289eb81f-ee02-438d-a9f3-f6ae68ba741d}</UniqueIdentifier>
    </Filter>
    <Filter Include="Source Files\Helpers">
      <UniqueIdentifier>{2ea0fc81-510e-4926-b7c4-985584c3193b}</UniqueIdentifier>
    </Filter>
    <Filter Include="Source Files\UIRendering">
      <UniqueIdentifier>{dd5d0b79-ea29-41b1-ba4c-2fc156432e0f}</UniqueIdentifier>
    </Filter>
    <Filter Include="Source Files\world">
      <UniqueIdentifier>{8fe32d31-1c47-4d21-b9fd-4a64dad71261}</UniqueIdentifier>
    </Filter>
    <Filter Include="Source Files\world\Blocks">
      <UniqueIdentifier>{fe7a9d34-7285-40ec-ab0f-fc9559960001}</UniqueIdentifier>
    </Filter>
    <Filter Include="Source Files\world\worldData">
      <UniqueIdentifier>{d4549a15-9474-4c40-b216-01dfa9818058}</UniqueIdentifier>
    </Filter>
    <Filter Include="Source Files\world\WorldGen.h">
      <UniqueIdentifier>{4955a047-8b6a-47e0-ae66-693d6eb70681}</UniqueIdentifier>
    </Filter>
    <Filter Include="Source Files\world\WorldGen.h\Noise">
      <UniqueIdentifier>{68bd1e19-e6b3-4013-81f2-37f6ca3cccbd}</UniqueIdentifier>
    </Filter>
    <Filter Include="Source Files\world\WorldGen.h\MeshOptimizations">
      <UniqueIdentifier>{5a2feda6-889f-4b6e-834c-1ea73bf3eb2d}</UniqueIdentifier>
    </Filter>
  </ItemGroup>
  <ItemGroup>
    <ClCompile Include="GenerateChunk.h">
      <Filter>Source Files\world\WorldGen.h</Filter>
    </ClCompile>
    <ClCompile Include="Block.cpp">
      <Filter>Source Files\world\Blocks</Filter>
    </ClCompile>
    <ClCompile Include="BlockManager.cpp">
      <Filter>Source Files\world\Blocks</Filter>
    </ClCompile>
    <ClCompile Include="BlockModel.cpp">
      <Filter>Source Files\world\Blocks</Filter>
    </ClCompile>
    <ClCompile Include="Chunk.cpp">
      <Filter>Source Files\world\worldData</Filter>
    </ClCompile>
    <ClCompile Include="WorldManager.cpp">
      <Filter>Source Files\world\worldData</Filter>
    </ClCompile>
    <ClCompile Include="GenerateChunk.cpp">
      <Filter>Source Files\world\WorldGen.h</Filter>
    </ClCompile>
    <ClCompile Include="GenerateColumn.cpp">
      <Filter>Source Files\world\WorldGen.h</Filter>
    </ClCompile>
    <ClCompile Include="ChunkGeneratorWorker.cpp">
      <Filter>Source Files\world\WorldGen.h</Filter>
    </ClCompile>
    <ClCompile Include="ChunkMeshWorker.cpp">
      <Filter>Source Files\world\WorldGen.h</Filter>
    </ClCompile>
    <ClCompile Include="Entity.cpp">
      <Filter>Source Files\entity</Filter>
    </ClCompile>
    <ClCompile Include="EntityManager.cpp">
      <Filter>Source Files\entity</Filter>
    </ClCompile>
    <ClCompile Include="EntityTypes.cpp">
      <Filter>Source Files\entity</Filter>
    </ClCompile>
    <ClCompile Include="Item.cpp">
      <Filter>Source Files\items</Filter>
    </ClCompile>
    <ClCompile Include="ItemManager.cpp">
      <Filter>Source Files\items</Filter>
    </ClCompile>
    <ClCompile Include="ItemModel.cpp">
      <Filter>Source Files\items</Filter>
    </ClCompile>
    <ClCompile Include="Inventory.cpp">
      <Filter>Source Files\Data</Filter>
    </ClCompile>
    <ClCompile Include="Materials.cpp">
      <Filter>Source Files\world\Blocks</Filter>
    </ClCompile>
    <ClCompile Include="BuildAbsolutePath.cpp">
      <Filter>Source Files\Helpers</Filter>
    </ClCompile>
    <ClCompile Include="LoadTextureFromFile.cpp">
      <Filter>Source Files\Helpers</Filter>
    </ClCompile>
    <ClCompile Include="ObjParser.cpp">
      <Filter>Source Files\Helpers</Filter>
    </ClCompile>
    <ClCompile Include="Vectors.cpp">
      <Filter>Source Files\Helpers</Filter>
    </ClCompile>
    <ClCompile Include="Mat4.cpp">
      <Filter>Source Files\Helpers</Filter>
    </ClCompile>
    <ClCompile Include="SkyBox.cpp">
      <Filter>Source Files\UIRendering</Filter>
    </ClCompile>
    <ClCompile Include="SurvivalUI.cpp">
      <Filter>Source Files\UIRendering</Filter>
    </ClCompile>
    <ClCompile Include="UI_Renderer.cpp">
      <Filter>Source Files\UIRendering</Filter>
    </ClCompile>
    <ClCompile Include="Globals.cpp">
      <Filter>Source Files</Filter>
    </ClCompile>
    <ClCompile Include="main.cpp">
      <Filter>Source Files</Filter>
    </ClCompile>
    <ClCompile Include="ChunkMesh.cpp">
      <Filter>Source Files\world</Filter>
    </ClCompile>
    <ClCompile Include="OptimizeChunkMesh.cpp">
      <Filter>Source Files\world</Filter>
    </ClCompile>
    <ClCompile Include="Region.cpp">
      <Filter>Source Files\world\worldData</Filter>
    </ClCompile>
    <ClCompile Include="EntityData.h">
      <Filter>Source Files\Data</Filter>
    </ClCompile>
  </ItemGroup>
  <ItemGroup>
    <ClInclude Include="App_Render.h">
      <Filter>Resource Files</Filter>
    </ClInclude>
    <ClInclude Include="App_Update.h">
      <Filter>Resource Files</Filter>
    </ClInclude>
    <ClInclude Include="Block.h">
      <Filter>Source Files\world\Blocks</Filter>
    </ClInclude>
    <ClInclude Include="Materials.h">
      <Filter>Source Files\world\Blocks</Filter>
    </ClInclude>
    <ClInclude Include="App_Init.h">
      <Filter>Resource Files</Filter>
    </ClInclude>
    <ClInclude Include="Chunk.h">
      <Filter>Source Files\world\worldData</Filter>
    </ClInclude>
    <ClInclude Include="Region.h">
      <Filter>Source Files\world\worldData</Filter>
    </ClInclude>
    <ClInclude Include="WorldManager.h">
      <Filter>Source Files\world\worldData</Filter>
    </ClInclude>
    <ClInclude Include="BlockManager.h">
      <Filter>Source Files\world\Blocks</Filter>
    </ClInclude>
    <ClInclude Include="Frustum.h">
      <Filter>Resource Files</Filter>
    </ClInclude>
    <ClInclude Include="UI_Renderer.h">
      <Filter>Source Files\UIRendering</Filter>
    </ClInclude>
    <ClInclude Include="LoadShader.h">
      <Filter>Resource Files</Filter>
    </ClInclude>
    <ClInclude Include="Entity.h">
      <Filter>Source Files\entity</Filter>
    </ClInclude>
    <ClInclude Include="EntityManager.h">
      <Filter>Source Files\entity</Filter>
    </ClInclude>
    <ClInclude Include="ChunkGeneratorWorker.h">
      <Filter>Source Files\world\WorldGen.h</Filter>
    </ClInclude>
    <ClInclude Include="ChunkMeshWorker.h">
      <Filter>Source Files\world\WorldGen.h</Filter>
    </ClInclude>
    <ClInclude Include="EntityAssets.h">
      <Filter>Source Files\entity</Filter>
    </ClInclude>
    <ClInclude Include="PalettedContainer.h">
      <Filter>Source Files\world\worldData</Filter>
    </ClInclude>
    <ClInclude Include="GenerateColumn.h">
      <Filter>Source Files\world\WorldGen.h</Filter>
    </ClInclude>
    <ClInclude Include="UITypes.h">
      <Filter>Source Files\UIRendering</Filter>
    </ClInclude>
    <ClInclude Include="SurvivalUI.h">
      <Filter>Source Files\UIRendering</Filter>
    </ClInclude>
    <ClInclude Include="Item.h">
      <Filter>Source Files\items</Filter>
    </ClInclude>
    <ClInclude Include="ItemManager.h">
      <Filter>Source Files\items</Filter>
    </ClInclude>
    <ClInclude Include="ItemModel.h">
      <Filter>Source Files\items</Filter>
    </ClInclude>
    <ClInclude Include="BlockModel.h">
      <Filter>Source Files\world\Blocks</Filter>
    </ClInclude>
    <ClInclude Include="Inventory.h">
      <Filter>Source Files\Data</Filter>
    </ClInclude>
    <ClInclude Include="BuildAbsolutePath.h">
      <Filter>Source Files\Helpers</Filter>
    </ClInclude>
    <ClInclude Include="LoadTextureFromFile.h">
      <Filter>Source Files\Helpers</Filter>
    </ClInclude>
    <ClInclude Include="Mat4.h">
      <Filter>Source Files\Helpers</Filter>
    </ClInclude>
    <ClInclude Include="ObjParser.h">
      <Filter>Source Files\Helpers</Filter>
    </ClInclude>
    <ClInclude Include="Vectors.h">
      <Filter>Source Files\Helpers</Filter>
    </ClInclude>
    <ClInclude Include="DataStructures.h">
      <Filter>Resource Files</Filter>
    </ClInclude>
    <ClInclude Include="ThreadSafeQueue.h">
      <Filter>Resource Files</Filter>
    </ClInclude>
    <ClInclude Include="SkyBox.h">
      <Filter>Source Files\UIRendering</Filter>
    </ClInclude>
    <ClInclude Include="Globals.h">
      <Filter>Source Files</Filter>
    </ClInclude>
    <ClInclude Include="ChunkMesh.h">
      <Filter>Source Files\world</Filter>
    </ClInclude>
    <ClInclude Include="WorldTypes.h">
      <Filter>Source Files\world</Filter>
    </ClInclude>
    <ClInclude Include="InitNoise.h">
      <Filter>Source Files\world\WorldGen.h\Noise</Filter>
    </ClInclude>
    <ClInclude Include="FastNoiseLite.h">
      <Filter>Source Files\world\WorldGen.h\Noise</Filter>
    </ClInclude>
    <ClInclude Include="Data.h">
      <Filter>Source Files\Data</Filter>
    </ClInclude>
  </ItemGroup>
  <ItemGroup>
    <None Include="ui.vert.hlsl">
      <Filter>Resource Files\shaders</Filter>
    </None>
    <None Include="build_shaders.bat">
      <Filter>Resource Files\shaders</Filter>
    </None>
    <None Include="ui.frag.hlsl">
      <Filter>Resource Files\shaders</Filter>
    </None>
    <None Include="EntityTypes.h">
      <Filter>Source Files\entity</Filter>
    </None>
    <None Include="..\..\.gitignore" />
  </ItemGroup>
  <ItemGroup>
    <FxCompile Include="shader.frag.hlsl">
      <Filter>Resource Files\shaders</Filter>
    </FxCompile>
    <FxCompile Include="shader.vert.hlsl">
      <Filter>Resource Files\shaders</Filter>
    </FxCompile>
    <FxCompile Include="ui_tex.frag.hlsl">
      <Filter>Resource Files\shaders</Filter>
    </FxCompile>
    <FxCompile Include="ui_tex.vert.hlsl">
      <Filter>Resource Files\shaders</Filter>
    </FxCompile>
    <FxCompile Include="skybox.frag.hlsl">
      <Filter>Resource Files\shaders</Filter>
    </FxCompile>
    <FxCompile Include="skybox.vert.hlsl">
      <Filter>Resource Files\shaders</Filter>
    </FxCompile>
    <FxCompile Include="entity.frag.hlsl">
      <Filter>Resource Files\shaders</Filter>
    </FxCompile>
    <FxCompile Include="entity.vert.hlsl">
      <Filter>Resource Files\shaders</Filter>
    </FxCompile>
  </ItemGroup>
  <ItemGroup>
    <Text Include="todo.txt" />
  </ItemGroup>
  <ItemGroup>
    <Font Include="cour.ttf">
      <Filter>Resource Files\fonts</Filter>
    </Font>
  </ItemGroup>
</Project>